
Microsoft Visual Studio Solution File, Format Version 12.00
# Visual Studio Version 17
VisualStudioVersion = 17.11.35312.102
MinimumVisualStudioVersion = 10.0.40219.1
Project("{FAE04EC0-301F-11D3-BF4B-00C04F79EFBC}") = "db_vegetables_and_fruits", "db_vegetables_and_fruits\db_vegetables_and_fruits.csproj", "{98A9E59A-33B4-4974-8B43-2AA271514821}"
EndProject
Global
	GlobalSection(SolutionConfigurationPlatforms) = preSolution
		Debug|Any CPU = Debug|Any CPU
		Release|Any CPU = Release|Any CPU
	EndGlobalSection
	GlobalSection(ProjectConfigurationPlatforms) = postSolution
		{98A9E59A-33B4-4974-8B43-2AA271514821}.Debug|Any CPU.ActiveCfg = Debug|Any CPU
		{98A9E59A-33B4-4974-8B43-2AA271514821}.Debug|Any CPU.Build.0 = Debug|Any CPU
		{98A9E59A-33B4-4974-8B43-2AA271514821}.Release|Any CPU.ActiveCfg = Release|Any CPU
		{98A9E59A-33B4-4974-8B43-2AA271514821}.Release|Any CPU.Build.0 = Release|Any CPU
	EndGlobalSection
	GlobalSection(SolutionProperties) = preSolution
		HideSolutionNode = FALSE
	EndGlobalSection
	GlobalSection(ExtensibilityGlobals) = postSolution
		SolutionGuid = {76E8679D-3B2E-434C-AF82-29F237FA7FB0}
	EndGlobalSection
EndGlobal
